{
  "originHash" : "fdf92ad8c9922d77d4030f2150bf3ea7f204167cf9efae20289dc808debd2e0b",
  "pins" : [
    {
      "identity" : "maplibre-gl-native-distribution",
      "kind" : "remoteSourceControl",
      "location" : "https://github.com/maplibre/maplibre-gl-native-distribution.git",
      "state" : {
        "revision" : "84a79bc375a301169390ac110c868f06c857b83f",
        "version" : "6.27.0"
      }
    },
    {
      "identity" : "sqlite.swift",
      "kind" : "remoteSourceControl",
      "location" : "https://github.com/stephencelis/SQLite.swift.git",
      "state" : {
        "revision" : "0c08856385fe24f7b76d8c51842d78a196e8e817",
        "version" : "0.15.5"
      }
    }
  ],
  "version" : 3
}
